{
  "name": "gremlin-ide",
  "version": "0.1.0",
  "lockfileVersion": 1,
  "requires": true,
  "dependencies": {
    "monaco-ace-tokenizer": {
      "version": "0.1.0",
      "resolved": "https://registry.npmjs.org/monaco-ace-tokenizer/-/monaco-ace-tokenizer-0.1.0.tgz",
      "integrity": "sha512-J7Qlc9ieNOI8FQdF61hvaEHHSoQ4zxiWUz5igtrgCw1PEYiw8rKxjXdRsi/if7EHBJ7YIoMUK7PXBjeKTTZcrQ==",
      "requires": {
        "monaco-editor": "0.14.3"
      }
    },
    "monaco-editor": {
      "version": "0.14.3",
      "resolved": "https://registry.npmjs.org/monaco-editor/-/monaco-editor-0.14.3.tgz",
      "integrity": "sha512-RhaO4xXmWn/p0WrkEOXe4PoZj6xOcvDYjoAh0e1kGUrQnP1IOpc0m86Ceuaa2CLEMDINqKijBSmqhvBQnsPLHQ=="
    }
  }
}
